
Microsoft Visual Studio Solution File, Format Version 12.00
# Visual Studio Version 17
VisualStudioVersion = 17.3.32825.248
MinimumVisualStudioVersion = 10.0.40219.1
Project("{FAE04EC0-301F-11D3-BF4B-00C04F79EFBC}") = "Admin_screens", "Admin_screens\Admin_screens.csproj", "{4F5515C8-71D5-48F0-BD79-EF01F40BC280}"
EndProject
Global
	GlobalSection(SolutionConfigurationPlatforms) = preSolution
		Debug|Any CPU = Debug|Any CPU
		Release|Any CPU = Release|Any CPU
	EndGlobalSection
	GlobalSection(ProjectConfigurationPlatforms) = postSolution
		{4F5515C8-71D5-48F0-BD79-EF01F40BC280}.Debug|Any CPU.ActiveCfg = Debug|Any CPU
		{4F5515C8-71D5-48F0-BD79-EF01F40BC280}.Debug|Any CPU.Build.0 = Debug|Any CPU
		{4F5515C8-71D5-48F0-BD79-EF01F40BC280}.Release|Any CPU.ActiveCfg = Release|Any CPU
		{4F5515C8-71D5-48F0-BD79-EF01F40BC280}.Release|Any CPU.Build.0 = Release|Any CPU
	EndGlobalSection
	GlobalSection(SolutionProperties) = preSolution
		HideSolutionNode = FALSE
	EndGlobalSection
	GlobalSection(ExtensibilityGlobals) = postSolution
		SolutionGuid = {7BA2E77B-C228-41AF-B6CB-64C1BBD8F102}
	EndGlobalSection
EndGlobal
